
Microsoft Visual Studio Solution File, Format Version 12.00
# Visual Studio Version 17
VisualStudioVersion = 17.5.33530.505
MinimumVisualStudioVersion = 10.0.40219.1
Project("{FAE04EC0-301F-11D3-BF4B-00C04F79EFBC}") = "Api_Vacinacao_Cachorro", "Api_Vacinacao_Cachorro.csproj", "{A450C363-5139-4057-ACFC-D1ACBC86B8CF}"
EndProject
Global
	GlobalSection(SolutionConfigurationPlatforms) = preSolution
		Debug|Any CPU = Debug|Any CPU
		Release|Any CPU = Release|Any CPU
	EndGlobalSection
	GlobalSection(ProjectConfigurationPlatforms) = postSolution
		{A450C363-5139-4057-ACFC-D1ACBC86B8CF}.Debug|Any CPU.ActiveCfg = Debug|Any CPU
		{A450C363-5139-4057-ACFC-D1ACBC86B8CF}.Debug|Any CPU.Build.0 = Debug|Any CPU
		{A450C363-5139-4057-ACFC-D1ACBC86B8CF}.Release|Any CPU.ActiveCfg = Release|Any CPU
		{A450C363-5139-4057-ACFC-D1ACBC86B8CF}.Release|Any CPU.Build.0 = Release|Any CPU
	EndGlobalSection
	GlobalSection(SolutionProperties) = preSolution
		HideSolutionNode = FALSE
	EndGlobalSection
	GlobalSection(ExtensibilityGlobals) = postSolution
		SolutionGuid = {EDE2CD90-52EE-4076-8271-6E9F4295C038}
	EndGlobalSection
EndGlobal
